
Microsoft Visual Studio Solution File, Format Version 12.00
# Visual Studio Version 16
VisualStudioVersion = 16.0.31129.286
MinimumVisualStudioVersion = 10.0.40219.1
Project("{9A19103F-16F7-4668-BE54-9A1E7A4F7556}") = "WebMVCCore", "WebMVCCore\WebMVCCore.csproj", "{854307F4-A572-4C7E-934C-61A206C61509}"
EndProject
Project("{9A19103F-16F7-4668-BE54-9A1E7A4F7556}") = "DataAccess", "DataAccess\DataAccess.csproj", "{A1D965D1-0449-4C48-8EC2-BE46A1AF5AAA}"
EndProject
Project("{9A19103F-16F7-4668-BE54-9A1E7A4F7556}") = "Models", "Models\Models.csproj", "{7D9050B9-4334-492E-BFB6-1B916811D95B}"
EndProject
Project("{9A19103F-16F7-4668-BE54-9A1E7A4F7556}") = "Services", "Services\Services.csproj", "{32F566A5-8E49-46B5-83F3-884CAFF4F0A1}"
EndProject
Global
	GlobalSection(SolutionConfigurationPlatforms) = preSolution
		Debug|Any CPU = Debug|Any CPU
		Release|Any CPU = Release|Any CPU
	EndGlobalSection
	GlobalSection(ProjectConfigurationPlatforms) = postSolution
		{854307F4-A572-4C7E-934C-61A206C61509}.Debug|Any CPU.ActiveCfg = Debug|Any CPU
		{854307F4-A572-4C7E-934C-61A206C61509}.Debug|Any CPU.Build.0 = Debug|Any CPU
		{854307F4-A572-4C7E-934C-61A206C61509}.Release|Any CPU.ActiveCfg = Release|Any CPU
		{854307F4-A572-4C7E-934C-61A206C61509}.Release|Any CPU.Build.0 = Release|Any CPU
		{A1D965D1-0449-4C48-8EC2-BE46A1AF5AAA}.Debug|Any CPU.ActiveCfg = Debug|Any CPU
		{A1D965D1-0449-4C48-8EC2-BE46A1AF5AAA}.Debug|Any CPU.Build.0 = Debug|Any CPU
		{A1D965D1-0449-4C48-8EC2-BE46A1AF5AAA}.Release|Any CPU.ActiveCfg = Release|Any CPU
		{A1D965D1-0449-4C48-8EC2-BE46A1AF5AAA}.Release|Any CPU.Build.0 = Release|Any CPU
		{7D9050B9-4334-492E-BFB6-1B916811D95B}.Debug|Any CPU.ActiveCfg = Debug|Any CPU
		{7D9050B9-4334-492E-BFB6-1B916811D95B}.Debug|Any CPU.Build.0 = Debug|Any CPU
		{7D9050B9-4334-492E-BFB6-1B916811D95B}.Release|Any CPU.ActiveCfg = Release|Any CPU
		{7D9050B9-4334-492E-BFB6-1B916811D95B}.Release|Any CPU.Build.0 = Release|Any CPU
		{32F566A5-8E49-46B5-83F3-884CAFF4F0A1}.Debug|Any CPU.ActiveCfg = Debug|Any CPU
		{32F566A5-8E49-46B5-83F3-884CAFF4F0A1}.Debug|Any CPU.Build.0 = Debug|Any CPU
		{32F566A5-8E49-46B5-83F3-884CAFF4F0A1}.Release|Any CPU.ActiveCfg = Release|Any CPU
		{32F566A5-8E49-46B5-83F3-884CAFF4F0A1}.Release|Any CPU.Build.0 = Release|Any CPU
	EndGlobalSection
	GlobalSection(SolutionProperties) = preSolution
		HideSolutionNode = FALSE
	EndGlobalSection
	GlobalSection(ExtensibilityGlobals) = postSolution
		SolutionGuid = {74175276-E7D5-4020-80AF-6AE3F293D670}
	EndGlobalSection
EndGlobal
